
Microsoft Visual Studio Solution File, Format Version 12.00
# Visual Studio Version 17
VisualStudioVersion = 17.11.35303.130
MinimumVisualStudioVersion = 10.0.40219.1
Project("{FAE04EC0-301F-11D3-BF4B-00C04F79EFBC}") = "StackDemo", "StackDemo.csproj", "{F90D190C-5076-4BEF-A981-4F43FDE0D735}"
EndProject
Global
	GlobalSection(SolutionConfigurationPlatforms) = preSolution
		Debug|Any CPU = Debug|Any CPU
		Release|Any CPU = Release|Any CPU
	EndGlobalSection
	GlobalSection(ProjectConfigurationPlatforms) = postSolution
		{F90D190C-5076-4BEF-A981-4F43FDE0D735}.Debug|Any CPU.ActiveCfg = Debug|Any CPU
		{F90D190C-5076-4BEF-A981-4F43FDE0D735}.Debug|Any CPU.Build.0 = Debug|Any CPU
		{F90D190C-5076-4BEF-A981-4F43FDE0D735}.Release|Any CPU.ActiveCfg = Release|Any CPU
		{F90D190C-5076-4BEF-A981-4F43FDE0D735}.Release|Any CPU.Build.0 = Release|Any CPU
	EndGlobalSection
	GlobalSection(SolutionProperties) = preSolution
		HideSolutionNode = FALSE
	EndGlobalSection
	GlobalSection(ExtensibilityGlobals) = postSolution
		SolutionGuid = {6276C8BA-92FC-4B3B-B441-111321417802}
	EndGlobalSection
EndGlobal
